
Microsoft Visual Studio Solution File, Format Version 12.00
# Visual Studio 14
VisualStudioVersion = 14.0.25420.1
MinimumVisualStudioVersion = 10.0.40219.1
Project("{FAE04EC0-301F-11D3-BF4B-00C04F79EFBC}") = "Movies.Domain", "Movies.Domain\Movies.Domain.csproj", "{DAA17BA8-D675-4758-A972-10AD009EE053}"
EndProject
Project("{FAE04EC0-301F-11D3-BF4B-00C04F79EFBC}") = "Movies.Dal", "Movies.Dal\Movies.Dal.csproj", "{D69D62CB-DF85-49D4-B867-B573DDABDA11}"
EndProject
Project("{FAE04EC0-301F-11D3-BF4B-00C04F79EFBC}") = "Movies.Service", "Movies.Service\Movies.Service.csproj", "{39B00F40-C195-40C9-A3AA-73FE75F0F13D}"
EndProject
Project("{FAE04EC0-301F-11D3-BF4B-00C04F79EFBC}") = "Movies.WebApi", "Movies.WebApi\Movies.WebApi.csproj", "{3200A858-205A-4DC7-B01F-06B14DEBAD2B}"
EndProject
Project("{FAE04EC0-301F-11D3-BF4B-00C04F79EFBC}") = "Movies.WebApi.Utility", "Movies.WebApi.Utility\Movies.WebApi.Utility.csproj", "{C0797349-AFF2-458F-B06E-47C475D23E82}"
EndProject
Project("{FAE04EC0-301F-11D3-BF4B-00C04F79EFBC}") = "Movies.Model", "Movies.Model\Movies.Model.csproj", "{A62C1316-8CBE-4BEB-BED8-F5A8F5218D0F}"
EndProject
Project("{FAE04EC0-301F-11D3-BF4B-00C04F79EFBC}") = "Movies.Mapper", "Movies.Mapper\Movies.Mapper.csproj", "{8BF321E1-99AB-4201-972D-C189F430C5D1}"
EndProject
Global
	GlobalSection(SolutionConfigurationPlatforms) = preSolution
		Debug|Any CPU = Debug|Any CPU
		Release|Any CPU = Release|Any CPU
	EndGlobalSection
	GlobalSection(ProjectConfigurationPlatforms) = postSolution
		{DAA17BA8-D675-4758-A972-10AD009EE053}.Debug|Any CPU.ActiveCfg = Debug|Any CPU
		{DAA17BA8-D675-4758-A972-10AD009EE053}.Debug|Any CPU.Build.0 = Debug|Any CPU
		{DAA17BA8-D675-4758-A972-10AD009EE053}.Release|Any CPU.ActiveCfg = Release|Any CPU
		{DAA17BA8-D675-4758-A972-10AD009EE053}.Release|Any CPU.Build.0 = Release|Any CPU
		{D69D62CB-DF85-49D4-B867-B573DDABDA11}.Debug|Any CPU.ActiveCfg = Debug|Any CPU
		{D69D62CB-DF85-49D4-B867-B573DDABDA11}.Debug|Any CPU.Build.0 = Debug|Any CPU
		{D69D62CB-DF85-49D4-B867-B573DDABDA11}.Release|Any CPU.ActiveCfg = Release|Any CPU
		{D69D62CB-DF85-49D4-B867-B573DDABDA11}.Release|Any CPU.Build.0 = Release|Any CPU
		{39B00F40-C195-40C9-A3AA-73FE75F0F13D}.Debug|Any CPU.ActiveCfg = Debug|Any CPU
		{39B00F40-C195-40C9-A3AA-73FE75F0F13D}.Debug|Any CPU.Build.0 = Debug|Any CPU
		{39B00F40-C195-40C9-A3AA-73FE75F0F13D}.Release|Any CPU.ActiveCfg = Release|Any CPU
		{39B00F40-C195-40C9-A3AA-73FE75F0F13D}.Release|Any CPU.Build.0 = Release|Any CPU
		{3200A858-205A-4DC7-B01F-06B14DEBAD2B}.Debug|Any CPU.ActiveCfg = Debug|Any CPU
		{3200A858-205A-4DC7-B01F-06B14DEBAD2B}.Debug|Any CPU.Build.0 = Debug|Any CPU
		{3200A858-205A-4DC7-B01F-06B14DEBAD2B}.Release|Any CPU.ActiveCfg = Release|Any CPU
		{3200A858-205A-4DC7-B01F-06B14DEBAD2B}.Release|Any CPU.Build.0 = Release|Any CPU
		{C0797349-AFF2-458F-B06E-47C475D23E82}.Debug|Any CPU.ActiveCfg = Debug|Any CPU
		{C0797349-AFF2-458F-B06E-47C475D23E82}.Debug|Any CPU.Build.0 = Debug|Any CPU
		{C0797349-AFF2-458F-B06E-47C475D23E82}.Release|Any CPU.ActiveCfg = Release|Any CPU
		{C0797349-AFF2-458F-B06E-47C475D23E82}.Release|Any CPU.Build.0 = Release|Any CPU
		{A62C1316-8CBE-4BEB-BED8-F5A8F5218D0F}.Debug|Any CPU.ActiveCfg = Debug|Any CPU
		{A62C1316-8CBE-4BEB-BED8-F5A8F5218D0F}.Debug|Any CPU.Build.0 = Debug|Any CPU
		{A62C1316-8CBE-4BEB-BED8-F5A8F5218D0F}.Release|Any CPU.ActiveCfg = Release|Any CPU
		{A62C1316-8CBE-4BEB-BED8-F5A8F5218D0F}.Release|Any CPU.Build.0 = Release|Any CPU
		{8BF321E1-99AB-4201-972D-C189F430C5D1}.Debug|Any CPU.ActiveCfg = Debug|Any CPU
		{8BF321E1-99AB-4201-972D-C189F430C5D1}.Debug|Any CPU.Build.0 = Debug|Any CPU
		{8BF321E1-99AB-4201-972D-C189F430C5D1}.Release|Any CPU.ActiveCfg = Release|Any CPU
		{8BF321E1-99AB-4201-972D-C189F430C5D1}.Release|Any CPU.Build.0 = Release|Any CPU
	EndGlobalSection
	GlobalSection(SolutionProperties) = preSolution
		HideSolutionNode = FALSE
	EndGlobalSection
EndGlobal
